
Microsoft Visual Studio Solution File, Format Version 12.00
# Visual Studio 15
VisualStudioVersion = 15.0.27703.2026
MinimumVisualStudioVersion = 10.0.40219.1
Project("{2150E333-8FDC-42A3-9474-1A3956D46DE8}") = "src", "src", "{1DAB2B05-01E0-46E2-BD98-C16C2E4524BC}"
EndProject
Project("{FAE04EC0-301F-11D3-BF4B-00C04F79EFBC}") = "Rock_Paper_Scissors", "Rock_Paper_Scissors\Rock_Paper_Scissors.csproj", "{7148978D-7E8F-4408-AB4E-BC4FB0050168}"
EndProject
Global
	GlobalSection(SolutionConfigurationPlatforms) = preSolution
		Debug|Any CPU = Debug|Any CPU
		Release|Any CPU = Release|Any CPU
	EndGlobalSection
	GlobalSection(ProjectConfigurationPlatforms) = postSolution
		{7148978D-7E8F-4408-AB4E-BC4FB0050168}.Debug|Any CPU.ActiveCfg = Debug|Any CPU
		{7148978D-7E8F-4408-AB4E-BC4FB0050168}.Debug|Any CPU.Build.0 = Debug|Any CPU
		{7148978D-7E8F-4408-AB4E-BC4FB0050168}.Release|Any CPU.ActiveCfg = Release|Any CPU
		{7148978D-7E8F-4408-AB4E-BC4FB0050168}.Release|Any CPU.Build.0 = Release|Any CPU
	EndGlobalSection
	GlobalSection(SolutionProperties) = preSolution
		HideSolutionNode = FALSE
	EndGlobalSection
	GlobalSection(NestedProjects) = preSolution
		{7148978D-7E8F-4408-AB4E-BC4FB0050168} = {1DAB2B05-01E0-46E2-BD98-C16C2E4524BC}
	EndGlobalSection
	GlobalSection(ExtensibilityGlobals) = postSolution
		SolutionGuid = {69F2432C-2FE0-4409-83A4-E988489850F1}
	EndGlobalSection
EndGlobal
